// !$*UTF8*$!
{
	archiveVersion = 1;
	classes = {
	};
	objectVersion = 56;
	objects = {

/* Begin PBXBuildFile section */
		7F0D9104285EB09300B674D9 /* FlightReservation.swift in Sources */ = {isa = PBXBuildFile; fileRef = 7F0D9103285EB09300B674D9 /* FlightReservation.swift */; };
		7F0D9106285EB97600B674D9 /* FlightMainDetails.swift in Sources */ = {isa = PBXBuildFile; fileRef = 7F0D9105285EB97600B674D9 /* FlightMainDetails.swift */; };
		7F0D9109285EC69300B674D9 /* TripMainDetails.swift in Sources */ = {isa = PBXBuildFile; fileRef = 7F0D9108285EC69300B674D9 /* TripMainDetails.swift */; };
		7F0D910B285EC7EC00B674D9 /* FlightDetailView.swift in Sources */ = {isa = PBXBuildFile; fileRef = 7F0D910A285EC7EC00B674D9 /* FlightDetailView.swift */; };
		7F52E5FB285E07C300529B61 /* TripList+Controller.swift in Sources */ = {isa = PBXBuildFile; fileRef = 7F52E5FA285E07C300529B61 /* TripList+Controller.swift */; };
		7F52E603285E298900529B61 /* DetailDeleteButton.swift in Sources */ = {isa = PBXBuildFile; fileRef = 7F52E602285E298900529B61 /* DetailDeleteButton.swift */; };
		7F52E605285E2C2500529B61 /* SectionHeader.swift in Sources */ = {isa = PBXBuildFile; fileRef = 7F52E604285E2C2500529B61 /* SectionHeader.swift */; };
		7F52E607285E4D5500529B61 /* ResizeImage.swift in Sources */ = {isa = PBXBuildFile; fileRef = 7F52E606285E4D5500529B61 /* ResizeImage.swift */; };
		7F794448285CED6600B850FB /* TripasaurusApp.swift in Sources */ = {isa = PBXBuildFile; fileRef = 7F794447285CED6600B850FB /* TripasaurusApp.swift */; };
		7F79444A285CED6600B850FB /* EventListView.swift in Sources */ = {isa = PBXBuildFile; fileRef = 7F794449285CED6600B850FB /* EventListView.swift */; };
		7F79444C285CED6B00B850FB /* Assets.xcassets in Resources */ = {isa = PBXBuildFile; fileRef = 7F79444B285CED6B00B850FB /* Assets.xcassets */; };
		7F79444F285CED6B00B850FB /* Preview Assets.xcassets in Resources */ = {isa = PBXBuildFile; fileRef = 7F79444E285CED6B00B850FB /* Preview Assets.xcassets */; };
		7F794459285CF2A100B850FB /* AppTab.swift in Sources */ = {isa = PBXBuildFile; fileRef = 7F794458285CF2A100B850FB /* AppTab.swift */; };
		7F79445C285CF64800B850FB /* EventColor.swift in Sources */ = {isa = PBXBuildFile; fileRef = 7F79445B285CF64800B850FB /* EventColor.swift */; };
		7F79445E285CF65800B850FB /* EventIcon.swift in Sources */ = {isa = PBXBuildFile; fileRef = 7F79445D285CF65800B850FB /* EventIcon.swift */; };
		7F794460285CF67D00B850FB /* EventSection.swift in Sources */ = {isa = PBXBuildFile; fileRef = 7F79445F285CF67D00B850FB /* EventSection.swift */; };
		7F794462285CF6B200B850FB /* EventTask.swift in Sources */ = {isa = PBXBuildFile; fileRef = 7F794461285CF6B200B850FB /* EventTask.swift */; };
		7F794464285CF6C300B850FB /* Event.swift in Sources */ = {isa = PBXBuildFile; fileRef = 7F794463285CF6C300B850FB /* Event.swift */; };
		7F794467285CF6E400B850FB /* Date.swift in Sources */ = {isa = PBXBuildFile; fileRef = 7F794466285CF6E400B850FB /* Date.swift */; };
		7F79446A285CF71600B850FB /* EventStore.swift in Sources */ = {isa = PBXBuildFile; fileRef = 7F794469285CF71600B850FB /* EventStore.swift */; };
		7F79446D285CF87200B850FB /* EventRow.swift in Sources */ = {isa = PBXBuildFile; fileRef = 7F79446C285CF87200B850FB /* EventRow.swift */; };
		7F794470285CF91B00B850FB /* CustomLabelStyle.swift in Sources */ = {isa = PBXBuildFile; fileRef = 7F79446F285CF91B00B850FB /* CustomLabelStyle.swift */; };
		7F794473285CFFE100B850FB /* EventDetailView.swift in Sources */ = {isa = PBXBuildFile; fileRef = 7F794472285CFFE100B850FB /* EventDetailView.swift */; };
		7F794476285D03A300B850FB /* TitleSection.swift in Sources */ = {isa = PBXBuildFile; fileRef = 7F794475285D03A300B850FB /* TitleSection.swift */; };
		7F794478285D03EF00B850FB /* EventIconPicker.swift in Sources */ = {isa = PBXBuildFile; fileRef = 7F794477285D03EF00B850FB /* EventIconPicker.swift */; };
		7F79447A285D041800B850FB /* ListCard.swift in Sources */ = {isa = PBXBuildFile; fileRef = 7F794479285D041800B850FB /* ListCard.swift */; };
		7F79447C285D059800B850FB /* EventDetail+Controller.swift in Sources */ = {isa = PBXBuildFile; fileRef = 7F79447B285D059800B850FB /* EventDetail+Controller.swift */; };
		7F79447E285D071600B850FB /* DateSection.swift in Sources */ = {isa = PBXBuildFile; fileRef = 7F79447D285D071600B850FB /* DateSection.swift */; };
		7F794481285D0A0D00B850FB /* TaskRow.swift in Sources */ = {isa = PBXBuildFile; fileRef = 7F794480285D0A0D00B850FB /* TaskRow.swift */; };
		7F794484285D0B0500B850FB /* TaskSection.swift in Sources */ = {isa = PBXBuildFile; fileRef = 7F794483285D0B0500B850FB /* TaskSection.swift */; };
		7F794486285D175B00B850FB /* EventList+Controller.swift in Sources */ = {isa = PBXBuildFile; fileRef = 7F794485285D175A00B850FB /* EventList+Controller.swift */; };
		7F79448A285D6EE500B850FB /* TripListView.swift in Sources */ = {isa = PBXBuildFile; fileRef = 7F794489285D6EE500B850FB /* TripListView.swift */; };
		7F79448C285D720800B850FB /* Trip.swift in Sources */ = {isa = PBXBuildFile; fileRef = 7F79448B285D720800B850FB /* Trip.swift */; };
		7F79448E285D72D700B850FB /* TripStore.swift in Sources */ = {isa = PBXBuildFile; fileRef = 7F79448D285D72D700B850FB /* TripStore.swift */; };
		7F794490285D740100B850FB /* TripRow.swift in Sources */ = {isa = PBXBuildFile; fileRef = 7F79448F285D740100B850FB /* TripRow.swift */; };
		7F794493285D78CD00B850FB /* TripDetailView.swift in Sources */ = {isa = PBXBuildFile; fileRef = 7F794492285D78CD00B850FB /* TripDetailView.swift */; };
		7F794495285D86EB00B850FB /* TripDetail+Controller.swift in Sources */ = {isa = PBXBuildFile; fileRef = 7F794494285D86EB00B850FB /* TripDetail+Controller.swift */; };
		7FA9830A285F7D0700C2CEC0 /* TextInput.swift in Sources */ = {isa = PBXBuildFile; fileRef = 7FA98309285F7D0700C2CEC0 /* TextInput.swift */; };
		7FA9830C285F943500C2CEC0 /* FlightDetail+Controller.swift in Sources */ = {isa = PBXBuildFile; fileRef = 7FA9830B285F943500C2CEC0 /* FlightDetail+Controller.swift */; };
		7FA9830E285F9AC600C2CEC0 /* TransportationNode.swift in Sources */ = {isa = PBXBuildFile; fileRef = 7FA9830D285F9AC600C2CEC0 /* TransportationNode.swift */; };
		7FA983102860054D00C2CEC0 /* DeleteButton.swift in Sources */ = {isa = PBXBuildFile; fileRef = 7FA9830F2860054D00C2CEC0 /* DeleteButton.swift */; };
		7FA983122860089300C2CEC0 /* CopyButton.swift in Sources */ = {isa = PBXBuildFile; fileRef = 7FA983112860089300C2CEC0 /* CopyButton.swift */; };
		7FA983142860155A00C2CEC0 /* SaveToolbar.swift in Sources */ = {isa = PBXBuildFile; fileRef = 7FA983132860155A00C2CEC0 /* SaveToolbar.swift */; };
/* End PBXBuildFile section */

/* Begin PBXFileReference section */
		7F0D9103285EB09300B674D9 /* FlightReservation.swift */ = {isa = PBXFileReference; lastKnownFileType = sourcecode.swift; path = FlightReservation.swift; sourceTree = "<group>"; };
		7F0D9105285EB97600B674D9 /* FlightMainDetails.swift */ = {isa = PBXFileReference; lastKnownFileType = sourcecode.swift; path = FlightMainDetails.swift; sourceTree = "<group>"; };
		7F0D9108285EC69300B674D9 /* TripMainDetails.swift */ = {isa = PBXFileReference; lastKnownFileType = sourcecode.swift; path = TripMainDetails.swift; sourceTree = "<group>"; };
		7F0D910A285EC7EC00B674D9 /* FlightDetailView.swift */ = {isa = PBXFileReference; lastKnownFileType = sourcecode.swift; path = FlightDetailView.swift; sourceTree = "<group>"; };
		7F52E5FA285E07C300529B61 /* TripList+Controller.swift */ = {isa = PBXFileReference; lastKnownFileType = sourcecode.swift; path = "TripList+Controller.swift"; sourceTree = "<group>"; };
		7F52E602285E298900529B61 /* DetailDeleteButton.swift */ = {isa = PBXFileReference; lastKnownFileType = sourcecode.swift; path = DetailDeleteButton.swift; sourceTree = "<group>"; };
		7F52E604285E2C2500529B61 /* SectionHeader.swift */ = {isa = PBXFileReference; lastKnownFileType = sourcecode.swift; path = SectionHeader.swift; sourceTree = "<group>"; };
		7F52E606285E4D5500529B61 /* ResizeImage.swift */ = {isa = PBXFileReference; lastKnownFileType = sourcecode.swift; path = ResizeImage.swift; sourceTree = "<group>"; };
		7F794444285CED6600B850FB /* Tripasaurus.app */ = {isa = PBXFileReference; explicitFileType = wrapper.application; includeInIndex = 0; path = Tripasaurus.app; sourceTree = BUILT_PRODUCTS_DIR; };
		7F794447285CED6600B850FB /* TripasaurusApp.swift */ = {isa = PBXFileReference; lastKnownFileType = sourcecode.swift; path = TripasaurusApp.swift; sourceTree = "<group>"; };
		7F794449285CED6600B850FB /* EventListView.swift */ = {isa = PBXFileReference; lastKnownFileType = sourcecode.swift; path = EventListView.swift; sourceTree = "<group>"; };
		7F79444B285CED6B00B850FB /* Assets.xcassets */ = {isa = PBXFileReference; lastKnownFileType = folder.assetcatalog; path = Assets.xcassets; sourceTree = "<group>"; };
		7F79444E285CED6B00B850FB /* Preview Assets.xcassets */ = {isa = PBXFileReference; lastKnownFileType = folder.assetcatalog; path = "Preview Assets.xcassets"; sourceTree = "<group>"; };
		7F794458285CF2A100B850FB /* AppTab.swift */ = {isa = PBXFileReference; lastKnownFileType = sourcecode.swift; path = AppTab.swift; sourceTree = "<group>"; };
		7F79445B285CF64800B850FB /* EventColor.swift */ = {isa = PBXFileReference; lastKnownFileType = sourcecode.swift; path = EventColor.swift; sourceTree = "<group>"; };
		7F79445D285CF65800B850FB /* EventIcon.swift */ = {isa = PBXFileReference; lastKnownFileType = sourcecode.swift; path = EventIcon.swift; sourceTree = "<group>"; };
		7F79445F285CF67D00B850FB /* EventSection.swift */ = {isa = PBXFileReference; lastKnownFileType = sourcecode.swift; path = EventSection.swift; sourceTree = "<group>"; };
		7F794461285CF6B200B850FB /* EventTask.swift */ = {isa = PBXFileReference; lastKnownFileType = sourcecode.swift; path = EventTask.swift; sourceTree = "<group>"; };
		7F794463285CF6C300B850FB /* Event.swift */ = {isa = PBXFileReference; lastKnownFileType = sourcecode.swift; path = Event.swift; sourceTree = "<group>"; };
		7F794466285CF6E400B850FB /* Date.swift */ = {isa = PBXFileReference; lastKnownFileType = sourcecode.swift; path = Date.swift; sourceTree = "<group>"; };
		7F794469285CF71600B850FB /* EventStore.swift */ = {isa = PBXFileReference; lastKnownFileType = sourcecode.swift; path = EventStore.swift; sourceTree = "<group>"; };
		7F79446C285CF87200B850FB /* EventRow.swift */ = {isa = PBXFileReference; lastKnownFileType = sourcecode.swift; path = EventRow.swift; sourceTree = "<group>"; };
		7F79446F285CF91B00B850FB /* CustomLabelStyle.swift */ = {isa = PBXFileReference; lastKnownFileType = sourcecode.swift; path = CustomLabelStyle.swift; sourceTree = "<group>"; };
		7F794472285CFFE100B850FB /* EventDetailView.swift */ = {isa = PBXFileReference; lastKnownFileType = sourcecode.swift; path = EventDetailView.swift; sourceTree = "<group>"; };
		7F794475285D03A300B850FB /* TitleSection.swift */ = {isa = PBXFileReference; lastKnownFileType = sourcecode.swift; path = TitleSection.swift; sourceTree = "<group>"; };
		7F794477285D03EF00B850FB /* EventIconPicker.swift */ = {isa = PBXFileReference; lastKnownFileType = sourcecode.swift; path = EventIconPicker.swift; sourceTree = "<group>"; };
		7F794479285D041800B850FB /* ListCard.swift */ = {isa = PBXFileReference; lastKnownFileType = sourcecode.swift; path = ListCard.swift; sourceTree = "<group>"; };
		7F79447B285D059800B850FB /* EventDetail+Controller.swift */ = {isa = PBXFileReference; lastKnownFileType = sourcecode.swift; path = "EventDetail+Controller.swift"; sourceTree = "<group>"; };
		7F79447D285D071600B850FB /* DateSection.swift */ = {isa = PBXFileReference; lastKnownFileType = sourcecode.swift; path = DateSection.swift; sourceTree = "<group>"; };
		7F794480285D0A0D00B850FB /* TaskRow.swift */ = {isa = PBXFileReference; lastKnownFileType = sourcecode.swift; path = TaskRow.swift; sourceTree = "<group>"; };
		7F794483285D0B0500B850FB /* TaskSection.swift */ = {isa = PBXFileReference; lastKnownFileType = sourcecode.swift; path = TaskSection.swift; sourceTree = "<group>"; };
		7F794485285D175A00B850FB /* EventList+Controller.swift */ = {isa = PBXFileReference; lastKnownFileType = sourcecode.swift; path = "EventList+Controller.swift"; sourceTree = "<group>"; };
		7F794489285D6EE500B850FB /* TripListView.swift */ = {isa = PBXFileReference; lastKnownFileType = sourcecode.swift; path = TripListView.swift; sourceTree = "<group>"; };
		7F79448B285D720800B850FB /* Trip.swift */ = {isa = PBXFileReference; lastKnownFileType = sourcecode.swift; path = Trip.swift; sourceTree = "<group>"; };
		7F79448D285D72D700B850FB /* TripStore.swift */ = {isa = PBXFileReference; lastKnownFileType = sourcecode.swift; path = TripStore.swift; sourceTree = "<group>"; };
		7F79448F285D740100B850FB /* TripRow.swift */ = {isa = PBXFileReference; lastKnownFileType = sourcecode.swift; path = TripRow.swift; sourceTree = "<group>"; };
		7F794492285D78CD00B850FB /* TripDetailView.swift */ = {isa = PBXFileReference; lastKnownFileType = sourcecode.swift; path = TripDetailView.swift; sourceTree = "<group>"; };
		7F794494285D86EB00B850FB /* TripDetail+Controller.swift */ = {isa = PBXFileReference; lastKnownFileType = sourcecode.swift; path = "TripDetail+Controller.swift"; sourceTree = "<group>"; };
		7FA98309285F7D0700C2CEC0 /* TextInput.swift */ = {isa = PBXFileReference; lastKnownFileType = sourcecode.swift; path = TextInput.swift; sourceTree = "<group>"; };
		7FA9830B285F943500C2CEC0 /* FlightDetail+Controller.swift */ = {isa = PBXFileReference; lastKnownFileType = sourcecode.swift; path = "FlightDetail+Controller.swift"; sourceTree = "<group>"; };
		7FA9830D285F9AC600C2CEC0 /* TransportationNode.swift */ = {isa = PBXFileReference; lastKnownFileType = sourcecode.swift; path = TransportationNode.swift; sourceTree = "<group>"; };
		7FA9830F2860054D00C2CEC0 /* DeleteButton.swift */ = {isa = PBXFileReference; lastKnownFileType = sourcecode.swift; path = DeleteButton.swift; sourceTree = "<group>"; };
		7FA983112860089300C2CEC0 /* CopyButton.swift */ = {isa = PBXFileReference; lastKnownFileType = sourcecode.swift; path = CopyButton.swift; sourceTree = "<group>"; };
		7FA983132860155A00C2CEC0 /* SaveToolbar.swift */ = {isa = PBXFileReference; lastKnownFileType = sourcecode.swift; path = SaveToolbar.swift; sourceTree = "<group>"; };
/* End PBXFileReference section */

/* Begin PBXFrameworksBuildPhase section */
		7F794441285CED6600B850FB /* Frameworks */ = {
			isa = PBXFrameworksBuildPhase;
			buildActionMask = 2147483647;
			files = (
			);
			runOnlyForDeploymentPostprocessing = 0;
		};
/* End PBXFrameworksBuildPhase section */

/* Begin PBXGroup section */
		7F0D9101285EB07900B674D9 /* Events */ = {
			isa = PBXGroup;
			children = (
				7F794463285CF6C300B850FB /* Event.swift */,
				7F794461285CF6B200B850FB /* EventTask.swift */,
			);
			path = Events;
			sourceTree = "<group>";
		};
		7F0D9102285EB08000B674D9 /* Trips */ = {
			isa = PBXGroup;
			children = (
				7F79448B285D720800B850FB /* Trip.swift */,
				7F0D9103285EB09300B674D9 /* FlightReservation.swift */,
			);
			path = Trips;
			sourceTree = "<group>";
		};
		7F0D9107285EBC0F00B674D9 /* Flights */ = {
			isa = PBXGroup;
			children = (
				7F0D910A285EC7EC00B674D9 /* FlightDetailView.swift */,
				7FA9830B285F943500C2CEC0 /* FlightDetail+Controller.swift */,
				7F0D9105285EB97600B674D9 /* FlightMainDetails.swift */,
				7FA9830D285F9AC600C2CEC0 /* TransportationNode.swift */,
			);
			path = Flights;
			sourceTree = "<group>";
		};
		7F79443B285CED6600B850FB = {
			isa = PBXGroup;
			children = (
				7F794446285CED6600B850FB /* Tripasaurus */,
				7F794445285CED6600B850FB /* Products */,
			);
			sourceTree = "<group>";
		};
		7F794445285CED6600B850FB /* Products */ = {
			isa = PBXGroup;
			children = (
				7F794444285CED6600B850FB /* Tripasaurus.app */,
			);
			name = Products;
			sourceTree = "<group>";
		};
		7F794446285CED6600B850FB /* Tripasaurus */ = {
			isa = PBXGroup;
			children = (
				7F794447285CED6600B850FB /* TripasaurusApp.swift */,
				7F794457285CF29500B850FB /* Enums */,
				7F79445A285CF5DF00B850FB /* Models */,
				7F794468285CF70A00B850FB /* Stores */,
				7F79446E285CF8EB00B850FB /* Styles */,
				7F794465285CF6D800B850FB /* Utilities */,
				7F79446B285CF84300B850FB /* Views */,
				7F79444B285CED6B00B850FB /* Assets.xcassets */,
				7F79444D285CED6B00B850FB /* Preview Content */,
			);
			path = Tripasaurus;
			sourceTree = "<group>";
		};
		7F79444D285CED6B00B850FB /* Preview Content */ = {
			isa = PBXGroup;
			children = (
				7F79444E285CED6B00B850FB /* Preview Assets.xcassets */,
			);
			path = "Preview Content";
			sourceTree = "<group>";
		};
		7F794455285CEF7F00B850FB /* Events */ = {
			isa = PBXGroup;
			children = (
				7F794456285CEF8500B850FB /* EventList */,
				7F794471285CFFCF00B850FB /* EventDetail */,
			);
			path = Events;
			sourceTree = "<group>";
		};
		7F794456285CEF8500B850FB /* EventList */ = {
			isa = PBXGroup;
			children = (
				7F794449285CED6600B850FB /* EventListView.swift */,
				7F794485285D175A00B850FB /* EventList+Controller.swift */,
				7F79446C285CF87200B850FB /* EventRow.swift */,
			);
			path = EventList;
			sourceTree = "<group>";
		};
		7F794457285CF29500B850FB /* Enums */ = {
			isa = PBXGroup;
			children = (
				7F794458285CF2A100B850FB /* AppTab.swift */,
				7F79445B285CF64800B850FB /* EventColor.swift */,
				7F79445D285CF65800B850FB /* EventIcon.swift */,
				7F79445F285CF67D00B850FB /* EventSection.swift */,
			);
			path = Enums;
			sourceTree = "<group>";
		};
		7F79445A285CF5DF00B850FB /* Models */ = {
			isa = PBXGroup;
			children = (
				7F0D9101285EB07900B674D9 /* Events */,
				7F0D9102285EB08000B674D9 /* Trips */,
			);
			path = Models;
			sourceTree = "<group>";
		};
		7F794465285CF6D800B850FB /* Utilities */ = {
			isa = PBXGroup;
			children = (
				7F794466285CF6E400B850FB /* Date.swift */,
			);
			path = Utilities;
			sourceTree = "<group>";
		};
		7F794468285CF70A00B850FB /* Stores */ = {
			isa = PBXGroup;
			children = (
				7F794469285CF71600B850FB /* EventStore.swift */,
				7F79448D285D72D700B850FB /* TripStore.swift */,
			);
			path = Stores;
			sourceTree = "<group>";
		};
		7F79446B285CF84300B850FB /* Views */ = {
			isa = PBXGroup;
			children = (
				7F794496285DA09300B850FB /* Shared */,
				7F794455285CEF7F00B850FB /* Events */,
				7F794487285D6ECE00B850FB /* Trips */,
			);
			path = Views;
			sourceTree = "<group>";
		};
		7F79446E285CF8EB00B850FB /* Styles */ = {
			isa = PBXGroup;
			children = (
				7F79446F285CF91B00B850FB /* CustomLabelStyle.swift */,
				7F52E602285E298900529B61 /* DetailDeleteButton.swift */,
				7F794479285D041800B850FB /* ListCard.swift */,
				7F52E606285E4D5500529B61 /* ResizeImage.swift */,
				7F52E604285E2C2500529B61 /* SectionHeader.swift */,
				7FA98309285F7D0700C2CEC0 /* TextInput.swift */,
			);
			path = Styles;
			sourceTree = "<group>";
		};
		7F794471285CFFCF00B850FB /* EventDetail */ = {
			isa = PBXGroup;
			children = (
				7F794472285CFFE100B850FB /* EventDetailView.swift */,
				7F79447B285D059800B850FB /* EventDetail+Controller.swift */,
				7F794474285D038300B850FB /* TitleSection */,
				7F79447F285D091B00B850FB /* TaskSection */,
			);
			path = EventDetail;
			sourceTree = "<group>";
		};
		7F794474285D038300B850FB /* TitleSection */ = {
			isa = PBXGroup;
			children = (
				7F794475285D03A300B850FB /* TitleSection.swift */,
				7F794477285D03EF00B850FB /* EventIconPicker.swift */,
			);
			path = TitleSection;
			sourceTree = "<group>";
		};
		7F79447F285D091B00B850FB /* TaskSection */ = {
			isa = PBXGroup;
			children = (
				7F794483285D0B0500B850FB /* TaskSection.swift */,
				7F794480285D0A0D00B850FB /* TaskRow.swift */,
			);
			path = TaskSection;
			sourceTree = "<group>";
		};
		7F794487285D6ECE00B850FB /* Trips */ = {
			isa = PBXGroup;
			children = (
				7F794488285D6ED800B850FB /* TripList */,
				7F794491285D78BD00B850FB /* TripDetail */,
			);
			path = Trips;
			sourceTree = "<group>";
		};
		7F794488285D6ED800B850FB /* TripList */ = {
			isa = PBXGroup;
			children = (
				7F794489285D6EE500B850FB /* TripListView.swift */,
				7F52E5FA285E07C300529B61 /* TripList+Controller.swift */,
				7F79448F285D740100B850FB /* TripRow.swift */,
			);
			path = TripList;
			sourceTree = "<group>";
		};
		7F794491285D78BD00B850FB /* TripDetail */ = {
			isa = PBXGroup;
			children = (
				7F794492285D78CD00B850FB /* TripDetailView.swift */,
				7F794494285D86EB00B850FB /* TripDetail+Controller.swift */,
				7F0D9108285EC69300B674D9 /* TripMainDetails.swift */,
				7F0D9107285EBC0F00B674D9 /* Flights */,
			);
			path = TripDetail;
			sourceTree = "<group>";
		};
		7F794496285DA09300B850FB /* Shared */ = {
			isa = PBXGroup;
			children = (
				7FA983112860089300C2CEC0 /* CopyButton.swift */,
				7F79447D285D071600B850FB /* DateSection.swift */,
				7FA9830F2860054D00C2CEC0 /* DeleteButton.swift */,
				7FA983132860155A00C2CEC0 /* SaveToolbar.swift */,
			);
			path = Shared;
			sourceTree = "<group>";
		};
/* End PBXGroup section */

/* Begin PBXNativeTarget section */
		7F794443285CED6600B850FB /* Tripasaurus */ = {
			isa = PBXNativeTarget;
			buildConfigurationList = 7F794452285CED6B00B850FB /* Build configuration list for PBXNativeTarget "Tripasaurus" */;
			buildPhases = (
				7F794440285CED6600B850FB /* Sources */,
				7F794441285CED6600B850FB /* Frameworks */,
				7F794442285CED6600B850FB /* Resources */,
			);
			buildRules = (
			);
			dependencies = (
			);
			name = Tripasaurus;
			productName = Tripasaurus;
			productReference = 7F794444285CED6600B850FB /* Tripasaurus.app */;
			productType = "com.apple.product-type.application";
		};
/* End PBXNativeTarget section */

/* Begin PBXProject section */
		7F79443C285CED6600B850FB /* Project object */ = {
			isa = PBXProject;
			attributes = {
				BuildIndependentTargetsInParallel = 1;
				LastSwiftUpdateCheck = 1400;
				LastUpgradeCheck = 1400;
				TargetAttributes = {
					7F794443285CED6600B850FB = {
						CreatedOnToolsVersion = 14.0;
					};
				};
			};
			buildConfigurationList = 7F79443F285CED6600B850FB /* Build configuration list for PBXProject "Tripasaurus" */;
			compatibilityVersion = "Xcode 14.0";
			developmentRegion = en;
			hasScannedForEncodings = 0;
			knownRegions = (
				en,
				Base,
			);
			mainGroup = 7F79443B285CED6600B850FB;
			productRefGroup = 7F794445285CED6600B850FB /* Products */;
			projectDirPath = "";
			projectRoot = "";
			targets = (
				7F794443285CED6600B850FB /* Tripasaurus */,
			);
		};
/* End PBXProject section */

/* Begin PBXResourcesBuildPhase section */
		7F794442285CED6600B850FB /* Resources */ = {
			isa = PBXResourcesBuildPhase;
			buildActionMask = 2147483647;
			files = (
				7F79444F285CED6B00B850FB /* Preview Assets.xcassets in Resources */,
				7F79444C285CED6B00B850FB /* Assets.xcassets in Resources */,
			);
			runOnlyForDeploymentPostprocessing = 0;
		};
/* End PBXResourcesBuildPhase section */

/* Begin PBXSourcesBuildPhase section */
		7F794440285CED6600B850FB /* Sources */ = {
			isa = PBXSourcesBuildPhase;
			buildActionMask = 2147483647;
			files = (
				7F794476285D03A300B850FB /* TitleSection.swift in Sources */,
				7F52E607285E4D5500529B61 /* ResizeImage.swift in Sources */,
				7FA983122860089300C2CEC0 /* CopyButton.swift in Sources */,
				7F0D9104285EB09300B674D9 /* FlightReservation.swift in Sources */,
				7F79446A285CF71600B850FB /* EventStore.swift in Sources */,
				7F52E605285E2C2500529B61 /* SectionHeader.swift in Sources */,
				7F794473285CFFE100B850FB /* EventDetailView.swift in Sources */,
				7F794481285D0A0D00B850FB /* TaskRow.swift in Sources */,
				7FA9830E285F9AC600C2CEC0 /* TransportationNode.swift in Sources */,
				7FA983142860155A00C2CEC0 /* SaveToolbar.swift in Sources */,
				7F79448C285D720800B850FB /* Trip.swift in Sources */,
				7F79447C285D059800B850FB /* EventDetail+Controller.swift in Sources */,
				7F794464285CF6C300B850FB /* Event.swift in Sources */,
				7F79445C285CF64800B850FB /* EventColor.swift in Sources */,
				7F794462285CF6B200B850FB /* EventTask.swift in Sources */,
				7F79445E285CF65800B850FB /* EventIcon.swift in Sources */,
				7F79444A285CED6600B850FB /* EventListView.swift in Sources */,
				7F794448285CED6600B850FB /* TripasaurusApp.swift in Sources */,
				7F794460285CF67D00B850FB /* EventSection.swift in Sources */,
				7F52E603285E298900529B61 /* DetailDeleteButton.swift in Sources */,
				7F794484285D0B0500B850FB /* TaskSection.swift in Sources */,
				7F52E5FB285E07C300529B61 /* TripList+Controller.swift in Sources */,
				7F0D9106285EB97600B674D9 /* FlightMainDetails.swift in Sources */,
				7F79448A285D6EE500B850FB /* TripListView.swift in Sources */,
				7F794467285CF6E400B850FB /* Date.swift in Sources */,
				7F794495285D86EB00B850FB /* TripDetail+Controller.swift in Sources */,
				7FA9830A285F7D0700C2CEC0 /* TextInput.swift in Sources */,
				7F794493285D78CD00B850FB /* TripDetailView.swift in Sources */,
				7F0D9109285EC69300B674D9 /* TripMainDetails.swift in Sources */,
				7F794470285CF91B00B850FB /* CustomLabelStyle.swift in Sources */,
				7F794459285CF2A100B850FB /* AppTab.swift in Sources */,
				7F794478285D03EF00B850FB /* EventIconPicker.swift in Sources */,
				7F79446D285CF87200B850FB /* EventRow.swift in Sources */,
				7F794486285D175B00B850FB /* EventList+Controller.swift in Sources */,
				7F79447A285D041800B850FB /* ListCard.swift in Sources */,
				7F79448E285D72D700B850FB /* TripStore.swift in Sources */,
				7F0D910B285EC7EC00B674D9 /* FlightDetailView.swift in Sources */,
				7FA983102860054D00C2CEC0 /* DeleteButton.swift in Sources */,
				7F794490285D740100B850FB /* TripRow.swift in Sources */,
				7FA9830C285F943500C2CEC0 /* FlightDetail+Controller.swift in Sources */,
				7F79447E285D071600B850FB /* DateSection.swift in Sources */,
			);
			runOnlyForDeploymentPostprocessing = 0;
		};
/* End PBXSourcesBuildPhase section */

/* Begin XCBuildConfiguration section */
		7F794450285CED6B00B850FB /* Debug */ = {
			isa = XCBuildConfiguration;
			buildSettings = {
				ALWAYS_SEARCH_USER_PATHS = NO;
				CLANG_ANALYZER_NONNULL = YES;
				CLANG_ANALYZER_NUMBER_OBJECT_CONVERSION = YES_AGGRESSIVE;
				CLANG_CXX_LANGUAGE_STANDARD = "gnu++17";
				CLANG_ENABLE_MODULES = YES;
				CLANG_ENABLE_OBJC_ARC = YES;
				CLANG_ENABLE_OBJC_WEAK = YES;
				CLANG_WARN_BLOCK_CAPTURE_AUTORELEASING = YES;
				CLANG_WARN_BOOL_CONVERSION = YES;
				CLANG_WARN_COMMA = YES;
				CLANG_WARN_CONSTANT_CONVERSION = YES;
				CLANG_WARN_DEPRECATED_OBJC_IMPLEMENTATIONS = YES;
				CLANG_WARN_DIRECT_OBJC_ISA_USAGE = YES_ERROR;
				CLANG_WARN_DOCUMENTATION_COMMENTS = YES;
				CLANG_WARN_EMPTY_BODY = YES;
				CLANG_WARN_ENUM_CONVERSION = YES;
				CLANG_WARN_INFINITE_RECURSION = YES;
				CLANG_WARN_INT_CONVERSION = YES;
				CLANG_WARN_NON_LITERAL_NULL_CONVERSION = YES;
				CLANG_WARN_OBJC_IMPLICIT_RETAIN_SELF = YES;
				CLANG_WARN_OBJC_LITERAL_CONVERSION = YES;
				CLANG_WARN_OBJC_ROOT_CLASS = YES_ERROR;
				CLANG_WARN_QUOTED_INCLUDE_IN_FRAMEWORK_HEADER = YES;
				CLANG_WARN_RANGE_LOOP_ANALYSIS = YES;
				CLANG_WARN_STRICT_PROTOTYPES = YES;
				CLANG_WARN_SUSPICIOUS_MOVE = YES;
				CLANG_WARN_UNGUARDED_AVAILABILITY = YES_AGGRESSIVE;
				CLANG_WARN_UNREACHABLE_CODE = YES;
				CLANG_WARN__DUPLICATE_METHOD_MATCH = YES;
				COPY_PHASE_STRIP = NO;
				DEBUG_INFORMATION_FORMAT = dwarf;
				ENABLE_STRICT_OBJC_MSGSEND = YES;
				ENABLE_TESTABILITY = YES;
				GCC_C_LANGUAGE_STANDARD = gnu11;
				GCC_DYNAMIC_NO_PIC = NO;
				GCC_NO_COMMON_BLOCKS = YES;
				GCC_OPTIMIZATION_LEVEL = 0;
				GCC_PREPROCESSOR_DEFINITIONS = (
					"DEBUG=1",
					"$(inherited)",
				);
				GCC_WARN_64_TO_32_BIT_CONVERSION = YES;
				GCC_WARN_ABOUT_RETURN_TYPE = YES_ERROR;
				GCC_WARN_UNDECLARED_SELECTOR = YES;
				GCC_WARN_UNINITIALIZED_AUTOS = YES_AGGRESSIVE;
				GCC_WARN_UNUSED_FUNCTION = YES;
				GCC_WARN_UNUSED_VARIABLE = YES;
				IPHONEOS_DEPLOYMENT_TARGET = 16.0;
				MTL_ENABLE_DEBUG_INFO = INCLUDE_SOURCE;
				MTL_FAST_MATH = YES;
				ONLY_ACTIVE_ARCH = YES;
				SDKROOT = iphoneos;
				SWIFT_ACTIVE_COMPILATION_CONDITIONS = DEBUG;
				SWIFT_OPTIMIZATION_LEVEL = "-Onone";
			};
			name = Debug;
		};
		7F794451285CED6B00B850FB /* Release */ = {
			isa = XCBuildConfiguration;
			buildSettings = {
				ALWAYS_SEARCH_USER_PATHS = NO;
				CLANG_ANALYZER_NONNULL = YES;
				CLANG_ANALYZER_NUMBER_OBJECT_CONVERSION = YES_AGGRESSIVE;
				CLANG_CXX_LANGUAGE_STANDARD = "gnu++17";
				CLANG_ENABLE_MODULES = YES;
				CLANG_ENABLE_OBJC_ARC = YES;
				CLANG_ENABLE_OBJC_WEAK = YES;
				CLANG_WARN_BLOCK_CAPTURE_AUTORELEASING = YES;
				CLANG_WARN_BOOL_CONVERSION = YES;
				CLANG_WARN_COMMA = YES;
				CLANG_WARN_CONSTANT_CONVERSION = YES;
				CLANG_WARN_DEPRECATED_OBJC_IMPLEMENTATIONS = YES;
				CLANG_WARN_DIRECT_OBJC_ISA_USAGE = YES_ERROR;
				CLANG_WARN_DOCUMENTATION_COMMENTS = YES;
				CLANG_WARN_EMPTY_BODY = YES;
				CLANG_WARN_ENUM_CONVERSION = YES;
				CLANG_WARN_INFINITE_RECURSION = YES;
				CLANG_WARN_INT_CONVERSION = YES;
				CLANG_WARN_NON_LITERAL_NULL_CONVERSION = YES;
				CLANG_WARN_OBJC_IMPLICIT_RETAIN_SELF = YES;
				CLANG_WARN_OBJC_LITERAL_CONVERSION = YES;
				CLANG_WARN_OBJC_ROOT_CLASS = YES_ERROR;
				CLANG_WARN_QUOTED_INCLUDE_IN_FRAMEWORK_HEADER = YES;
				CLANG_WARN_RANGE_LOOP_ANALYSIS = YES;
				CLANG_WARN_STRICT_PROTOTYPES = YES;
				CLANG_WARN_SUSPICIOUS_MOVE = YES;
				CLANG_WARN_UNGUARDED_AVAILABILITY = YES_AGGRESSIVE;
				CLANG_WARN_UNREACHABLE_CODE = YES;
				CLANG_WARN__DUPLICATE_METHOD_MATCH = YES;
				COPY_PHASE_STRIP = NO;
				DEBUG_INFORMATION_FORMAT = "dwarf-with-dsym";
				ENABLE_NS_ASSERTIONS = NO;
				ENABLE_STRICT_OBJC_MSGSEND = YES;
				GCC_C_LANGUAGE_STANDARD = gnu11;
				GCC_NO_COMMON_BLOCKS = YES;
				GCC_WARN_64_TO_32_BIT_CONVERSION = YES;
				GCC_WARN_ABOUT_RETURN_TYPE = YES_ERROR;
				GCC_WARN_UNDECLARED_SELECTOR = YES;
				GCC_WARN_UNINITIALIZED_AUTOS = YES_AGGRESSIVE;
				GCC_WARN_UNUSED_FUNCTION = YES;
				GCC_WARN_UNUSED_VARIABLE = YES;
				IPHONEOS_DEPLOYMENT_TARGET = 16.0;
				MTL_ENABLE_DEBUG_INFO = NO;
				MTL_FAST_MATH = YES;
				SDKROOT = iphoneos;
				SWIFT_COMPILATION_MODE = wholemodule;
				SWIFT_OPTIMIZATION_LEVEL = "-O";
				VALIDATE_PRODUCT = YES;
			};
			name = Release;
		};
		7F794453285CED6B00B850FB /* Debug */ = {
			isa = XCBuildConfiguration;
			buildSettings = {
				ASSETCATALOG_COMPILER_APPICON_NAME = AppIcon;
				ASSETCATALOG_COMPILER_GLOBAL_ACCENT_COLOR_NAME = AccentColor;
				CODE_SIGN_STYLE = Automatic;
				CURRENT_PROJECT_VERSION = 1;
				DEVELOPMENT_ASSET_PATHS = "\"Tripasaurus/Preview Content\"";
				DEVELOPMENT_TEAM = HST8S6VDV6;
				ENABLE_PREVIEWS = YES;
				GENERATE_INFOPLIST_FILE = YES;
				INFOPLIST_KEY_UIApplicationSceneManifest_Generation = YES;
				INFOPLIST_KEY_UIApplicationSupportsIndirectInputEvents = YES;
				INFOPLIST_KEY_UILaunchScreen_Generation = YES;
				INFOPLIST_KEY_UISupportedInterfaceOrientations = UIInterfaceOrientationPortrait;
				INFOPLIST_KEY_UISupportedInterfaceOrientations_iPad = "UIInterfaceOrientationLandscapeLeft UIInterfaceOrientationLandscapeRight UIInterfaceOrientationPortraitUpsideDown";
				LD_RUNPATH_SEARCH_PATHS = (
					"$(inherited)",
					"@executable_path/Frameworks",
				);
				MARKETING_VERSION = 1.0;
				PRODUCT_BUNDLE_IDENTIFIER = com.taylorsaurus.Tripasaurus;
				PRODUCT_NAME = "$(TARGET_NAME)";
				SWIFT_EMIT_LOC_STRINGS = YES;
				SWIFT_VERSION = 5.0;
				TARGETED_DEVICE_FAMILY = "1,2";
			};
			name = Debug;
		};
		7F794454285CED6B00B850FB /* Release */ = {
			isa = XCBuildConfiguration;
			buildSettings = {
				ASSETCATALOG_COMPILER_APPICON_NAME = AppIcon;
				ASSETCATALOG_COMPILER_GLOBAL_ACCENT_COLOR_NAME = AccentColor;
				CODE_SIGN_STYLE = Automatic;
				CURRENT_PROJECT_VERSION = 1;
				DEVELOPMENT_ASSET_PATHS = "\"Tripasaurus/Preview Content\"";
				DEVELOPMENT_TEAM = HST8S6VDV6;
				ENABLE_PREVIEWS = YES;
				GENERATE_INFOPLIST_FILE = YES;
				INFOPLIST_KEY_UIApplicationSceneManifest_Generation = YES;
				INFOPLIST_KEY_UIApplicationSupportsIndirectInputEvents = YES;
				INFOPLIST_KEY_UILaunchScreen_Generation = YES;
				INFOPLIST_KEY_UISupportedInterfaceOrientations = UIInterfaceOrientationPortrait;
				INFOPLIST_KEY_UISupportedInterfaceOrientations_iPad = "UIInterfaceOrientationLandscapeLeft UIInterfaceOrientationLandscapeRight UIInterfaceOrientationPortraitUpsideDown";
				LD_RUNPATH_SEARCH_PATHS = (
					"$(inherited)",
					"@executable_path/Frameworks",
				);
				MARKETING_VERSION = 1.0;
				PRODUCT_BUNDLE_IDENTIFIER = com.taylorsaurus.Tripasaurus;
				PRODUCT_NAME = "$(TARGET_NAME)";
				SWIFT_EMIT_LOC_STRINGS = YES;
				SWIFT_VERSION = 5.0;
				TARGETED_DEVICE_FAMILY = "1,2";
			};
			name = Release;
		};
/* End XCBuildConfiguration section */

/* Begin XCConfigurationList section */
		7F79443F285CED6600B850FB /* Build configuration list for PBXProject "Tripasaurus" */ = {
			isa = XCConfigurationList;
			buildConfigurations = (
				7F794450285CED6B00B850FB /* Debug */,
				7F794451285CED6B00B850FB /* Release */,
			);
			defaultConfigurationIsVisible = 0;
			defaultConfigurationName = Release;
		};
		7F794452285CED6B00B850FB /* Build configuration list for PBXNativeTarget "Tripasaurus" */ = {
			isa = XCConfigurationList;
			buildConfigurations = (
				7F794453285CED6B00B850FB /* Debug */,
				7F794454285CED6B00B850FB /* Release */,
			);
			defaultConfigurationIsVisible = 0;
			defaultConfigurationName = Release;
		};
/* End XCConfigurationList section */
	};
	rootObject = 7F79443C285CED6600B850FB /* Project object */;
}
